// !$*UTF8*$!
{
	archiveVersion = 1;
	classes = {
	};
	objectVersion = 54;
	objects = {

/* Begin PBXBuildFile section */
		0C80B921A6F3F58F76C31292 /* libPods-RainbowStreakQuest.a in Frameworks */ = {isa = PBXBuildFile; fileRef = 5DCACB8F33CDC322A6C60F78 /* libPods-RainbowStreakQuest.a */; };
		0CCBAE4ABF1D4F5FBE439264 /* SFProText-Regular.ttf in Resources */ = {isa = PBXBuildFile; fileRef = 328B87371C0245C49A899E79 /* SFProText-Regular.ttf */; };
		0DDDA2E3834A4E43A99CC30E /* SFProText-Semibold.ttf in Resources */ = {isa = PBXBuildFile; fileRef = C6C4DF9C0B184CF2949D9412 /* SFProText-Semibold.ttf */; };
		0DEF14475A4D429AB8623DAE /* SF-Pro-Display-Thin.otf in Resources */ = {isa = PBXBuildFile; fileRef = 8E36543692934D11925C9593 /* SF-Pro-Display-Thin.otf */; };
		0F80731891694F26ABA88FEA /* DMSans-Regular.ttf in Resources */ = {isa = PBXBuildFile; fileRef = 297180CBBE9944B184128595 /* DMSans-Regular.ttf */; };
		13B07FBF1A68108700A75B9A /* Images.xcassets in Resources */ = {isa = PBXBuildFile; fileRef = 13B07FB51A68108700A75B9A /* Images.xcassets */; };
		18E25763E135444BBF40A6AF /* SFProText-HeavyItalic.ttf in Resources */ = {isa = PBXBuildFile; fileRef = E1A41796ACA74827A16881FF /* SFProText-HeavyItalic.ttf */; };
		1F3DD296863449568620EEB6 /* SFProText-MediumItalic.ttf in Resources */ = {isa = PBXBuildFile; fileRef = BF627C803678489B96471931 /* SFProText-MediumItalic.ttf */; };
		24437ECFD4CA4924A6590F21 /* DMSans-SemiBold.ttf in Resources */ = {isa = PBXBuildFile; fileRef = F15FAF697F0E496FBD8B080B /* DMSans-SemiBold.ttf */; };
		2D483E09EC054B11BEB8816A /* SFProText-BoldItalic.ttf in Resources */ = {isa = PBXBuildFile; fileRef = F9EFA165DFEB4EB9AC01C156 /* SFProText-BoldItalic.ttf */; };
		3179F466A9B3409E88DBFF55 /* DMSans-Black.ttf in Resources */ = {isa = PBXBuildFile; fileRef = 0117BFE1669B473195A0C6A7 /* DMSans-Black.ttf */; };
		3D5ABDD3868D4647B48AC10E /* SFProText-RegularItalic.ttf in Resources */ = {isa = PBXBuildFile; fileRef = C00EE8B855F34694B53CFA24 /* SFProText-RegularItalic.ttf */; };
		423854ADC34A4C23A9C28121 /* SFProText-Medium.ttf in Resources */ = {isa = PBXBuildFile; fileRef = BEA1495973D3468D92A585B9 /* SFProText-Medium.ttf */; };
		5063B0957AC84A02839BB444 /* SF-Pro-Display-Black.otf in Resources */ = {isa = PBXBuildFile; fileRef = 2946D4F42B7646679F77C624 /* SF-Pro-Display-Black.otf */; };
		52667CFBBAF3494A96045CC1 /* SFProText-SemiboldItalic.ttf in Resources */ = {isa = PBXBuildFile; fileRef = C4F245F38DE1494FA179ED88 /* SFProText-SemiboldItalic.ttf */; };
		5354CB084E8F4DD1A0A38BBA /* SF-Pro-Display-Heavy.otf in Resources */ = {isa = PBXBuildFile; fileRef = 7AA95BAC0676441C8A76AC57 /* SF-Pro-Display-Heavy.otf */; };
		57316FA5F75B4C378C0A170B /* SF-Pro-Display-Semibold.otf in Resources */ = {isa = PBXBuildFile; fileRef = 8422E6961147410E84BCFE82 /* SF-Pro-Display-Semibold.otf */; };
		72BBAE0A4D194403828E1ADC /* SFProText-Heavy.ttf in Resources */ = {isa = PBXBuildFile; fileRef = 3209BB3ABCD54652B982DDEF /* SFProText-Heavy.ttf */; };
		761780ED2CA45674006654EE /* AppDelegate.swift in Sources */ = {isa = PBXBuildFile; fileRef = 761780EC2CA45674006654EE /* AppDelegate.swift */; };
		7C0BFAB9D8AC48C286198E22 /* SFProText-Light.ttf in Resources */ = {isa = PBXBuildFile; fileRef = 6AE0636C328F44AC913043C2 /* SFProText-Light.ttf */; };
		7F09E149570A4376B6D6D6AB /* SFProText-Bold.ttf in Resources */ = {isa = PBXBuildFile; fileRef = F7BCBC01EC404F348E6D00A8 /* SFProText-Bold.ttf */; };
		81AB9BB82411601600AC10FF /* LaunchScreen.storyboard in Resources */ = {isa = PBXBuildFile; fileRef = 81AB9BB72411601600AC10FF /* LaunchScreen.storyboard */; };
		926636465FAE4D8388F65AC6 /* SF-Pro-Display-Regular.otf in Resources */ = {isa = PBXBuildFile; fileRef = 99FB838FA15E46EF9AE3A17E /* SF-Pro-Display-Regular.otf */; };
		95CA76339569422BB4E8080C /* DMSans-Bold.ttf in Resources */ = {isa = PBXBuildFile; fileRef = 938CAEC0B719419A8B2C47BA /* DMSans-Bold.ttf */; };
		ADE2B5824A4D4A33925C9952 /* DMSans-Medium.ttf in Resources */ = {isa = PBXBuildFile; fileRef = 6C25CB6CB7664736A33974F9 /* DMSans-Medium.ttf */; };
		AFC2D92F99975D399E981F39 /* PrivacyInfo.xcprivacy in Resources */ = {isa = PBXBuildFile; fileRef = 13B07FB81A68108700A75B9A /* PrivacyInfo.xcprivacy */; };
		D2372BD84648455097BAFEB2 /* SFProText-LightItalic.ttf in Resources */ = {isa = PBXBuildFile; fileRef = 705E213426194C228D3A1C54 /* SFProText-LightItalic.ttf */; };
		D6B39F5B50AE4A48859A7783 /* SF-Pro-Display-Bold.otf in Resources */ = {isa = PBXBuildFile; fileRef = F0D95DBFCF2047D98A3D1ADB /* SF-Pro-Display-Bold.otf */; };
		D7E5C244F3C3483F9001801C /* DMSans-Light.ttf in Resources */ = {isa = PBXBuildFile; fileRef = 8930258F198443DABC22F308 /* DMSans-Light.ttf */; };
/* End PBXBuildFile section */

/* Begin PBXFileReference section */
		0117BFE1669B473195A0C6A7 /* DMSans-Black.ttf */ = {isa = PBXFileReference; explicitFileType = undefined; fileEncoding = undefined; includeInIndex = 0; lastKnownFileType = unknown; name = "DMSans-Black.ttf"; path = "../src/assets/fonts/DMSans-Black.ttf"; sourceTree = "<group>"; };
		13B07F961A680F5B00A75B9A /* RainbowStreakQuest.app */ = {isa = PBXFileReference; explicitFileType = wrapper.application; includeInIndex = 0; path = RainbowStreakQuest.app; sourceTree = BUILT_PRODUCTS_DIR; };
		13B07FB51A68108700A75B9A /* Images.xcassets */ = {isa = PBXFileReference; lastKnownFileType = folder.assetcatalog; name = Images.xcassets; path = RainbowStreakQuest/Images.xcassets; sourceTree = "<group>"; };
		13B07FB61A68108700A75B9A /* Info.plist */ = {isa = PBXFileReference; fileEncoding = 4; lastKnownFileType = text.plist.xml; name = Info.plist; path = RainbowStreakQuest/Info.plist; sourceTree = "<group>"; };
		13B07FB81A68108700A75B9A /* PrivacyInfo.xcprivacy */ = {isa = PBXFileReference; fileEncoding = 4; lastKnownFileType = text.plist.xml; name = PrivacyInfo.xcprivacy; path = RainbowStreakQuest/PrivacyInfo.xcprivacy; sourceTree = "<group>"; };
		2946D4F42B7646679F77C624 /* SF-Pro-Display-Black.otf */ = {isa = PBXFileReference; explicitFileType = undefined; fileEncoding = undefined; includeInIndex = 0; lastKnownFileType = unknown; name = "SF-Pro-Display-Black.otf"; path = "../src/assets/fonts/SF-Pro-Display-Black.otf"; sourceTree = "<group>"; };
		297180CBBE9944B184128595 /* DMSans-Regular.ttf */ = {isa = PBXFileReference; explicitFileType = undefined; fileEncoding = undefined; includeInIndex = 0; lastKnownFileType = unknown; name = "DMSans-Regular.ttf"; path = "../src/assets/fonts/DMSans-Regular.ttf"; sourceTree = "<group>"; };
		3209BB3ABCD54652B982DDEF /* SFProText-Heavy.ttf */ = {isa = PBXFileReference; explicitFileType = undefined; fileEncoding = undefined; includeInIndex = 0; lastKnownFileType = unknown; name = "SFProText-Heavy.ttf"; path = "../src/assets/fonts/SFProText-Heavy.ttf"; sourceTree = "<group>"; };
		328B87371C0245C49A899E79 /* SFProText-Regular.ttf */ = {isa = PBXFileReference; explicitFileType = undefined; fileEncoding = undefined; includeInIndex = 0; lastKnownFileType = unknown; name = "SFProText-Regular.ttf"; path = "../src/assets/fonts/SFProText-Regular.ttf"; sourceTree = "<group>"; };
		3B4392A12AC88292D35C810B /* Pods-RainbowStreakQuest.debug.xcconfig */ = {isa = PBXFileReference; includeInIndex = 1; lastKnownFileType = text.xcconfig; name = "Pods-RainbowStreakQuest.debug.xcconfig"; path = "Target Support Files/Pods-RainbowStreakQuest/Pods-RainbowStreakQuest.debug.xcconfig"; sourceTree = "<group>"; };
		5709B34CF0A7D63546082F79 /* Pods-RainbowStreakQuest.release.xcconfig */ = {isa = PBXFileReference; includeInIndex = 1; lastKnownFileType = text.xcconfig; name = "Pods-RainbowStreakQuest.release.xcconfig"; path = "Target Support Files/Pods-RainbowStreakQuest/Pods-RainbowStreakQuest.release.xcconfig"; sourceTree = "<group>"; };
		5DCACB8F33CDC322A6C60F78 /* libPods-RainbowStreakQuest.a */ = {isa = PBXFileReference; explicitFileType = archive.ar; includeInIndex = 0; path = "libPods-RainbowStreakQuest.a"; sourceTree = BUILT_PRODUCTS_DIR; };
		6AE0636C328F44AC913043C2 /* SFProText-Light.ttf */ = {isa = PBXFileReference; explicitFileType = undefined; fileEncoding = undefined; includeInIndex = 0; lastKnownFileType = unknown; name = "SFProText-Light.ttf"; path = "../src/assets/fonts/SFProText-Light.ttf"; sourceTree = "<group>"; };
		6C25CB6CB7664736A33974F9 /* DMSans-Medium.ttf */ = {isa = PBXFileReference; explicitFileType = undefined; fileEncoding = undefined; includeInIndex = 0; lastKnownFileType = unknown; name = "DMSans-Medium.ttf"; path = "../src/assets/fonts/DMSans-Medium.ttf"; sourceTree = "<group>"; };
		705E213426194C228D3A1C54 /* SFProText-LightItalic.ttf */ = {isa = PBXFileReference; explicitFileType = undefined; fileEncoding = undefined; includeInIndex = 0; lastKnownFileType = unknown; name = "SFProText-LightItalic.ttf"; path = "../src/assets/fonts/SFProText-LightItalic.ttf"; sourceTree = "<group>"; };
		761780EC2CA45674006654EE /* AppDelegate.swift */ = {isa = PBXFileReference; lastKnownFileType = sourcecode.swift; name = AppDelegate.swift; path = RainbowStreakQuest/AppDelegate.swift; sourceTree = "<group>"; };
		7AA95BAC0676441C8A76AC57 /* SF-Pro-Display-Heavy.otf */ = {isa = PBXFileReference; explicitFileType = undefined; fileEncoding = undefined; includeInIndex = 0; lastKnownFileType = unknown; name = "SF-Pro-Display-Heavy.otf"; path = "../src/assets/fonts/SF-Pro-Display-Heavy.otf"; sourceTree = "<group>"; };
		81AB9BB72411601600AC10FF /* LaunchScreen.storyboard */ = {isa = PBXFileReference; fileEncoding = 4; lastKnownFileType = file.storyboard; name = LaunchScreen.storyboard; path = RainbowStreakQuest/LaunchScreen.storyboard; sourceTree = "<group>"; };
		8422E6961147410E84BCFE82 /* SF-Pro-Display-Semibold.otf */ = {isa = PBXFileReference; explicitFileType = undefined; fileEncoding = undefined; includeInIndex = 0; lastKnownFileType = unknown; name = "SF-Pro-Display-Semibold.otf"; path = "../src/assets/fonts/SF-Pro-Display-Semibold.otf"; sourceTree = "<group>"; };
		8930258F198443DABC22F308 /* DMSans-Light.ttf */ = {isa = PBXFileReference; explicitFileType = undefined; fileEncoding = undefined; includeInIndex = 0; lastKnownFileType = unknown; name = "DMSans-Light.ttf"; path = "../src/assets/fonts/DMSans-Light.ttf"; sourceTree = "<group>"; };
		8E36543692934D11925C9593 /* SF-Pro-Display-Thin.otf */ = {isa = PBXFileReference; explicitFileType = undefined; fileEncoding = undefined; includeInIndex = 0; lastKnownFileType = unknown; name = "SF-Pro-Display-Thin.otf"; path = "../src/assets/fonts/SF-Pro-Display-Thin.otf"; sourceTree = "<group>"; };
		938CAEC0B719419A8B2C47BA /* DMSans-Bold.ttf */ = {isa = PBXFileReference; explicitFileType = undefined; fileEncoding = undefined; includeInIndex = 0; lastKnownFileType = unknown; name = "DMSans-Bold.ttf"; path = "../src/assets/fonts/DMSans-Bold.ttf"; sourceTree = "<group>"; };
		99FB838FA15E46EF9AE3A17E /* SF-Pro-Display-Regular.otf */ = {isa = PBXFileReference; explicitFileType = undefined; fileEncoding = undefined; includeInIndex = 0; lastKnownFileType = unknown; name = "SF-Pro-Display-Regular.otf"; path = "../src/assets/fonts/SF-Pro-Display-Regular.otf"; sourceTree = "<group>"; };
		BEA1495973D3468D92A585B9 /* SFProText-Medium.ttf */ = {isa = PBXFileReference; explicitFileType = undefined; fileEncoding = undefined; includeInIndex = 0; lastKnownFileType = unknown; name = "SFProText-Medium.ttf"; path = "../src/assets/fonts/SFProText-Medium.ttf"; sourceTree = "<group>"; };
		BF627C803678489B96471931 /* SFProText-MediumItalic.ttf */ = {isa = PBXFileReference; explicitFileType = undefined; fileEncoding = undefined; includeInIndex = 0; lastKnownFileType = unknown; name = "SFProText-MediumItalic.ttf"; path = "../src/assets/fonts/SFProText-MediumItalic.ttf"; sourceTree = "<group>"; };
		C00EE8B855F34694B53CFA24 /* SFProText-RegularItalic.ttf */ = {isa = PBXFileReference; explicitFileType = undefined; fileEncoding = undefined; includeInIndex = 0; lastKnownFileType = unknown; name = "SFProText-RegularItalic.ttf"; path = "../src/assets/fonts/SFProText-RegularItalic.ttf"; sourceTree = "<group>"; };
		C4F245F38DE1494FA179ED88 /* SFProText-SemiboldItalic.ttf */ = {isa = PBXFileReference; explicitFileType = undefined; fileEncoding = undefined; includeInIndex = 0; lastKnownFileType = unknown; name = "SFProText-SemiboldItalic.ttf"; path = "../src/assets/fonts/SFProText-SemiboldItalic.ttf"; sourceTree = "<group>"; };
		C6C4DF9C0B184CF2949D9412 /* SFProText-Semibold.ttf */ = {isa = PBXFileReference; explicitFileType = undefined; fileEncoding = undefined; includeInIndex = 0; lastKnownFileType = unknown; name = "SFProText-Semibold.ttf"; path = "../src/assets/fonts/SFProText-Semibold.ttf"; sourceTree = "<group>"; };
		E1A41796ACA74827A16881FF /* SFProText-HeavyItalic.ttf */ = {isa = PBXFileReference; explicitFileType = undefined; fileEncoding = undefined; includeInIndex = 0; lastKnownFileType = unknown; name = "SFProText-HeavyItalic.ttf"; path = "../src/assets/fonts/SFProText-HeavyItalic.ttf"; sourceTree = "<group>"; };
		ED297162215061F000B7C4FE /* JavaScriptCore.framework */ = {isa = PBXFileReference; lastKnownFileType = wrapper.framework; name = JavaScriptCore.framework; path = System/Library/Frameworks/JavaScriptCore.framework; sourceTree = SDKROOT; };
		F0D95DBFCF2047D98A3D1ADB /* SF-Pro-Display-Bold.otf */ = {isa = PBXFileReference; explicitFileType = undefined; fileEncoding = undefined; includeInIndex = 0; lastKnownFileType = unknown; name = "SF-Pro-Display-Bold.otf"; path = "../src/assets/fonts/SF-Pro-Display-Bold.otf"; sourceTree = "<group>"; };
		F15FAF697F0E496FBD8B080B /* DMSans-SemiBold.ttf */ = {isa = PBXFileReference; explicitFileType = undefined; fileEncoding = undefined; includeInIndex = 0; lastKnownFileType = unknown; name = "DMSans-SemiBold.ttf"; path = "../src/assets/fonts/DMSans-SemiBold.ttf"; sourceTree = "<group>"; };
		F7BCBC01EC404F348E6D00A8 /* SFProText-Bold.ttf */ = {isa = PBXFileReference; explicitFileType = undefined; fileEncoding = undefined; includeInIndex = 0; lastKnownFileType = unknown; name = "SFProText-Bold.ttf"; path = "../src/assets/fonts/SFProText-Bold.ttf"; sourceTree = "<group>"; };
		F9EFA165DFEB4EB9AC01C156 /* SFProText-BoldItalic.ttf */ = {isa = PBXFileReference; explicitFileType = undefined; fileEncoding = undefined; includeInIndex = 0; lastKnownFileType = unknown; name = "SFProText-BoldItalic.ttf"; path = "../src/assets/fonts/SFProText-BoldItalic.ttf"; sourceTree = "<group>"; };
/* End PBXFileReference section */

/* Begin PBXFrameworksBuildPhase section */
		13B07F8C1A680F5B00A75B9A /* Frameworks */ = {
			isa = PBXFrameworksBuildPhase;
			buildActionMask = 2147483647;
			files = (
				0C80B921A6F3F58F76C31292 /* libPods-RainbowStreakQuest.a in Frameworks */,
			);
			runOnlyForDeploymentPostprocessing = 0;
		};
/* End PBXFrameworksBuildPhase section */

/* Begin PBXGroup section */
		13B07FAE1A68108700A75B9A /* RainbowStreakQuest */ = {
			isa = PBXGroup;
			children = (
				13B07FB51A68108700A75B9A /* Images.xcassets */,
				761780EC2CA45674006654EE /* AppDelegate.swift */,
				13B07FB61A68108700A75B9A /* Info.plist */,
				81AB9BB72411601600AC10FF /* LaunchScreen.storyboard */,
				13B07FB81A68108700A75B9A /* PrivacyInfo.xcprivacy */,
			);
			name = RainbowStreakQuest;
			sourceTree = "<group>";
		};
		2D16E6871FA4F8E400B85C8A /* Frameworks */ = {
			isa = PBXGroup;
			children = (
				ED297162215061F000B7C4FE /* JavaScriptCore.framework */,
				5DCACB8F33CDC322A6C60F78 /* libPods-RainbowStreakQuest.a */,
			);
			name = Frameworks;
			sourceTree = "<group>";
		};
		832341AE1AAA6A7D00B99B32 /* Libraries */ = {
			isa = PBXGroup;
			children = (
			);
			name = Libraries;
			sourceTree = "<group>";
		};
		83CBB9F61A601CBA00E9B192 = {
			isa = PBXGroup;
			children = (
				13B07FAE1A68108700A75B9A /* RainbowStreakQuest */,
				832341AE1AAA6A7D00B99B32 /* Libraries */,
				83CBBA001A601CBA00E9B192 /* Products */,
				2D16E6871FA4F8E400B85C8A /* Frameworks */,
				BBD78D7AC51CEA395F1C20DB /* Pods */,
				DA223F29C6234AD0B1431A14 /* Resources */,
			);
			indentWidth = 2;
			sourceTree = "<group>";
			tabWidth = 2;
			usesTabs = 0;
		};
		83CBBA001A601CBA00E9B192 /* Products */ = {
			isa = PBXGroup;
			children = (
				13B07F961A680F5B00A75B9A /* RainbowStreakQuest.app */,
			);
			name = Products;
			sourceTree = "<group>";
		};
		BBD78D7AC51CEA395F1C20DB /* Pods */ = {
			isa = PBXGroup;
			children = (
				3B4392A12AC88292D35C810B /* Pods-RainbowStreakQuest.debug.xcconfig */,
				5709B34CF0A7D63546082F79 /* Pods-RainbowStreakQuest.release.xcconfig */,
			);
			path = Pods;
			sourceTree = "<group>";
		};
		DA223F29C6234AD0B1431A14 /* Resources */ = {
			isa = PBXGroup;
			children = (
				2946D4F42B7646679F77C624 /* SF-Pro-Display-Black.otf */,
				F0D95DBFCF2047D98A3D1ADB /* SF-Pro-Display-Bold.otf */,
				7AA95BAC0676441C8A76AC57 /* SF-Pro-Display-Heavy.otf */,
				99FB838FA15E46EF9AE3A17E /* SF-Pro-Display-Regular.otf */,
				8422E6961147410E84BCFE82 /* SF-Pro-Display-Semibold.otf */,
				8E36543692934D11925C9593 /* SF-Pro-Display-Thin.otf */,
				0117BFE1669B473195A0C6A7 /* DMSans-Black.ttf */,
				938CAEC0B719419A8B2C47BA /* DMSans-Bold.ttf */,
				8930258F198443DABC22F308 /* DMSans-Light.ttf */,
				6C25CB6CB7664736A33974F9 /* DMSans-Medium.ttf */,
				297180CBBE9944B184128595 /* DMSans-Regular.ttf */,
				F15FAF697F0E496FBD8B080B /* DMSans-SemiBold.ttf */,
				F7BCBC01EC404F348E6D00A8 /* SFProText-Bold.ttf */,
				F9EFA165DFEB4EB9AC01C156 /* SFProText-BoldItalic.ttf */,
				3209BB3ABCD54652B982DDEF /* SFProText-Heavy.ttf */,
				E1A41796ACA74827A16881FF /* SFProText-HeavyItalic.ttf */,
				6AE0636C328F44AC913043C2 /* SFProText-Light.ttf */,
				705E213426194C228D3A1C54 /* SFProText-LightItalic.ttf */,
				BEA1495973D3468D92A585B9 /* SFProText-Medium.ttf */,
				BF627C803678489B96471931 /* SFProText-MediumItalic.ttf */,
				328B87371C0245C49A899E79 /* SFProText-Regular.ttf */,
				C00EE8B855F34694B53CFA24 /* SFProText-RegularItalic.ttf */,
				C6C4DF9C0B184CF2949D9412 /* SFProText-Semibold.ttf */,
				C4F245F38DE1494FA179ED88 /* SFProText-SemiboldItalic.ttf */,
			);
			name = Resources;
			path = "";
			sourceTree = "<group>";
		};
/* End PBXGroup section */

/* Begin PBXNativeTarget section */
		13B07F861A680F5B00A75B9A /* RainbowStreakQuest */ = {
			isa = PBXNativeTarget;
			buildConfigurationList = 13B07F931A680F5B00A75B9A /* Build configuration list for PBXNativeTarget "RainbowStreakQuest" */;
			buildPhases = (
				C38B50BA6285516D6DCD4F65 /* [CP] Check Pods Manifest.lock */,
				13B07F871A680F5B00A75B9A /* Sources */,
				13B07F8C1A680F5B00A75B9A /* Frameworks */,
				13B07F8E1A680F5B00A75B9A /* Resources */,
				00DD1BFF1BD5951E006B06BC /* Bundle React Native code and images */,
				00EEFC60759A1932668264C0 /* [CP] Embed Pods Frameworks */,
				E235C05ADACE081382539298 /* [CP] Copy Pods Resources */,
			);
			buildRules = (
			);
			dependencies = (
			);
			name = RainbowStreakQuest;
			productName = RainbowStreakQuest;
			productReference = 13B07F961A680F5B00A75B9A /* RainbowStreakQuest.app */;
			productType = "com.apple.product-type.application";
		};
/* End PBXNativeTarget section */

/* Begin PBXProject section */
		83CBB9F71A601CBA00E9B192 /* Project object */ = {
			isa = PBXProject;
			attributes = {
				LastUpgradeCheck = 1210;
				TargetAttributes = {
					13B07F861A680F5B00A75B9A = {
						LastSwiftMigration = 1120;
					};
				};
			};
			buildConfigurationList = 83CBB9FA1A601CBA00E9B192 /* Build configuration list for PBXProject "RainbowStreakQuest" */;
			compatibilityVersion = "Xcode 12.0";
			developmentRegion = en;
			hasScannedForEncodings = 0;
			knownRegions = (
				en,
				Base,
			);
			mainGroup = 83CBB9F61A601CBA00E9B192;
			productRefGroup = 83CBBA001A601CBA00E9B192 /* Products */;
			projectDirPath = "";
			projectRoot = "";
			targets = (
				13B07F861A680F5B00A75B9A /* RainbowStreakQuest */,
			);
		};
/* End PBXProject section */

/* Begin PBXResourcesBuildPhase section */
		13B07F8E1A680F5B00A75B9A /* Resources */ = {
			isa = PBXResourcesBuildPhase;
			buildActionMask = 2147483647;
			files = (
				81AB9BB82411601600AC10FF /* LaunchScreen.storyboard in Resources */,
				13B07FBF1A68108700A75B9A /* Images.xcassets in Resources */,
				AFC2D92F99975D399E981F39 /* PrivacyInfo.xcprivacy in Resources */,
				5063B0957AC84A02839BB444 /* SF-Pro-Display-Black.otf in Resources */,
				D6B39F5B50AE4A48859A7783 /* SF-Pro-Display-Bold.otf in Resources */,
				5354CB084E8F4DD1A0A38BBA /* SF-Pro-Display-Heavy.otf in Resources */,
				926636465FAE4D8388F65AC6 /* SF-Pro-Display-Regular.otf in Resources */,
				57316FA5F75B4C378C0A170B /* SF-Pro-Display-Semibold.otf in Resources */,
				0DEF14475A4D429AB8623DAE /* SF-Pro-Display-Thin.otf in Resources */,
				3179F466A9B3409E88DBFF55 /* DMSans-Black.ttf in Resources */,
				95CA76339569422BB4E8080C /* DMSans-Bold.ttf in Resources */,
				D7E5C244F3C3483F9001801C /* DMSans-Light.ttf in Resources */,
				ADE2B5824A4D4A33925C9952 /* DMSans-Medium.ttf in Resources */,
				0F80731891694F26ABA88FEA /* DMSans-Regular.ttf in Resources */,
				24437ECFD4CA4924A6590F21 /* DMSans-SemiBold.ttf in Resources */,
				7F09E149570A4376B6D6D6AB /* SFProText-Bold.ttf in Resources */,
				2D483E09EC054B11BEB8816A /* SFProText-BoldItalic.ttf in Resources */,
				72BBAE0A4D194403828E1ADC /* SFProText-Heavy.ttf in Resources */,
				18E25763E135444BBF40A6AF /* SFProText-HeavyItalic.ttf in Resources */,
				7C0BFAB9D8AC48C286198E22 /* SFProText-Light.ttf in Resources */,
				D2372BD84648455097BAFEB2 /* SFProText-LightItalic.ttf in Resources */,
				423854ADC34A4C23A9C28121 /* SFProText-Medium.ttf in Resources */,
				1F3DD296863449568620EEB6 /* SFProText-MediumItalic.ttf in Resources */,
				0CCBAE4ABF1D4F5FBE439264 /* SFProText-Regular.ttf in Resources */,
				3D5ABDD3868D4647B48AC10E /* SFProText-RegularItalic.ttf in Resources */,
				0DDDA2E3834A4E43A99CC30E /* SFProText-Semibold.ttf in Resources */,
				52667CFBBAF3494A96045CC1 /* SFProText-SemiboldItalic.ttf in Resources */,
			);
			runOnlyForDeploymentPostprocessing = 0;
		};
/* End PBXResourcesBuildPhase section */

/* Begin PBXShellScriptBuildPhase section */
		00DD1BFF1BD5951E006B06BC /* Bundle React Native code and images */ = {
			isa = PBXShellScriptBuildPhase;
			buildActionMask = 2147483647;
			files = (
			);
			inputPaths = (
				"$(SRCROOT)/.xcode.env.local",
				"$(SRCROOT)/.xcode.env",
			);
			name = "Bundle React Native code and images";
			outputPaths = (
			);
			runOnlyForDeploymentPostprocessing = 0;
			shellPath = /bin/sh;
			shellScript = "set -e\n\nWITH_ENVIRONMENT=\"$REACT_NATIVE_PATH/scripts/xcode/with-environment.sh\"\nREACT_NATIVE_XCODE=\"$REACT_NATIVE_PATH/scripts/react-native-xcode.sh\"\n\n/bin/sh -c \"$WITH_ENVIRONMENT $REACT_NATIVE_XCODE\"\n";
		};
		00EEFC60759A1932668264C0 /* [CP] Embed Pods Frameworks */ = {
			isa = PBXShellScriptBuildPhase;
			buildActionMask = 2147483647;
			files = (
			);
			inputFileListPaths = (
				"${PODS_ROOT}/Target Support Files/Pods-RainbowStreakQuest/Pods-RainbowStreakQuest-frameworks-${CONFIGURATION}-input-files.xcfilelist",
			);
			name = "[CP] Embed Pods Frameworks";
			outputFileListPaths = (
				"${PODS_ROOT}/Target Support Files/Pods-RainbowStreakQuest/Pods-RainbowStreakQuest-frameworks-${CONFIGURATION}-output-files.xcfilelist",
			);
			runOnlyForDeploymentPostprocessing = 0;
			shellPath = /bin/sh;
			shellScript = "\"${PODS_ROOT}/Target Support Files/Pods-RainbowStreakQuest/Pods-RainbowStreakQuest-frameworks.sh\"\n";
			showEnvVarsInLog = 0;
		};
		C38B50BA6285516D6DCD4F65 /* [CP] Check Pods Manifest.lock */ = {
			isa = PBXShellScriptBuildPhase;
			buildActionMask = 2147483647;
			files = (
			);
			inputFileListPaths = (
			);
			inputPaths = (
				"${PODS_PODFILE_DIR_PATH}/Podfile.lock",
				"${PODS_ROOT}/Manifest.lock",
			);
			name = "[CP] Check Pods Manifest.lock";
			outputFileListPaths = (
			);
			outputPaths = (
				"$(DERIVED_FILE_DIR)/Pods-RainbowStreakQuest-checkManifestLockResult.txt",
			);
			runOnlyForDeploymentPostprocessing = 0;
			shellPath = /bin/sh;
			shellScript = "diff \"${PODS_PODFILE_DIR_PATH}/Podfile.lock\" \"${PODS_ROOT}/Manifest.lock\" > /dev/null\nif [ $? != 0 ] ; then\n    # print error to STDERR\n    echo \"error: The sandbox is not in sync with the Podfile.lock. Run 'pod install' or update your CocoaPods installation.\" >&2\n    exit 1\nfi\n# This output is used by Xcode 'outputs' to avoid re-running this script phase.\necho \"SUCCESS\" > \"${SCRIPT_OUTPUT_FILE_0}\"\n";
			showEnvVarsInLog = 0;
		};
		E235C05ADACE081382539298 /* [CP] Copy Pods Resources */ = {
			isa = PBXShellScriptBuildPhase;
			buildActionMask = 2147483647;
			files = (
			);
			inputFileListPaths = (
				"${PODS_ROOT}/Target Support Files/Pods-RainbowStreakQuest/Pods-RainbowStreakQuest-resources-${CONFIGURATION}-input-files.xcfilelist",
			);
			name = "[CP] Copy Pods Resources";
			outputFileListPaths = (
				"${PODS_ROOT}/Target Support Files/Pods-RainbowStreakQuest/Pods-RainbowStreakQuest-resources-${CONFIGURATION}-output-files.xcfilelist",
			);
			runOnlyForDeploymentPostprocessing = 0;
			shellPath = /bin/sh;
			shellScript = "\"${PODS_ROOT}/Target Support Files/Pods-RainbowStreakQuest/Pods-RainbowStreakQuest-resources.sh\"\n";
			showEnvVarsInLog = 0;
		};
/* End PBXShellScriptBuildPhase section */

/* Begin PBXSourcesBuildPhase section */
		13B07F871A680F5B00A75B9A /* Sources */ = {
			isa = PBXSourcesBuildPhase;
			buildActionMask = 2147483647;
			files = (
				761780ED2CA45674006654EE /* AppDelegate.swift in Sources */,
			);
			runOnlyForDeploymentPostprocessing = 0;
		};
/* End PBXSourcesBuildPhase section */

/* Begin XCBuildConfiguration section */
		13B07F941A680F5B00A75B9A /* Debug */ = {
			isa = XCBuildConfiguration;
			baseConfigurationReference = 3B4392A12AC88292D35C810B /* Pods-RainbowStreakQuest.debug.xcconfig */;
			buildSettings = {
				ASSETCATALOG_COMPILER_APPICON_NAME = AppIcon;
				CLANG_ENABLE_MODULES = YES;
				CURRENT_PROJECT_VERSION = 1;
				DEVELOPMENT_TEAM = "";
				ENABLE_BITCODE = NO;
				INFOPLIST_FILE = RainbowStreakQuest/Info.plist;
				IPHONEOS_DEPLOYMENT_TARGET = 15.1;
				LD_RUNPATH_SEARCH_PATHS = (
					"$(inherited)",
					"@executable_path/Frameworks",
				);
				MARKETING_VERSION = 1.0;
				OTHER_LDFLAGS = (
					"$(inherited)",
					"-ObjC",
					"-lc++",
				);
				PRODUCT_BUNDLE_IDENTIFIER = com.rainbow.streak.quest.app;
				PRODUCT_NAME = RainbowStreakQuest;
				SWIFT_OPTIMIZATION_LEVEL = "-Onone";
				SWIFT_VERSION = 5.0;
				VERSIONING_SYSTEM = "apple-generic";
			};
			name = Debug;
		};
		13B07F951A680F5B00A75B9A /* Release */ = {
			isa = XCBuildConfiguration;
			baseConfigurationReference = 5709B34CF0A7D63546082F79 /* Pods-RainbowStreakQuest.release.xcconfig */;
			buildSettings = {
				ASSETCATALOG_COMPILER_APPICON_NAME = AppIcon;
				CLANG_ENABLE_MODULES = YES;
				CURRENT_PROJECT_VERSION = 1;
				DEVELOPMENT_TEAM = "";
				INFOPLIST_FILE = RainbowStreakQuest/Info.plist;
				IPHONEOS_DEPLOYMENT_TARGET = 15.1;
				LD_RUNPATH_SEARCH_PATHS = (
					"$(inherited)",
					"@executable_path/Frameworks",
				);
				MARKETING_VERSION = 1.0;
				OTHER_LDFLAGS = (
					"$(inherited)",
					"-ObjC",
					"-lc++",
				);
				PRODUCT_BUNDLE_IDENTIFIER = com.rainbow.streak.quest.app;
				PRODUCT_NAME = RainbowStreakQuest;
				SWIFT_VERSION = 5.0;
				VERSIONING_SYSTEM = "apple-generic";
			};
			name = Release;
		};
		83CBBA201A601CBA00E9B192 /* Debug */ = {
			isa = XCBuildConfiguration;
			buildSettings = {
				ALWAYS_SEARCH_USER_PATHS = NO;
				CLANG_ANALYZER_LOCALIZABILITY_NONLOCALIZED = YES;
				CLANG_CXX_LANGUAGE_STANDARD = "c++20";
				CLANG_CXX_LIBRARY = "libc++";
				CLANG_ENABLE_MODULES = YES;
				CLANG_ENABLE_OBJC_ARC = YES;
				CLANG_WARN_BLOCK_CAPTURE_AUTORELEASING = YES;
				CLANG_WARN_BOOL_CONVERSION = YES;
				CLANG_WARN_COMMA = YES;
				CLANG_WARN_CONSTANT_CONVERSION = YES;
				CLANG_WARN_DEPRECATED_OBJC_IMPLEMENTATIONS = YES;
				CLANG_WARN_DIRECT_OBJC_ISA_USAGE = YES_ERROR;
				CLANG_WARN_EMPTY_BODY = YES;
				CLANG_WARN_ENUM_CONVERSION = YES;
				CLANG_WARN_INFINITE_RECURSION = YES;
				CLANG_WARN_INT_CONVERSION = YES;
				CLANG_WARN_NON_LITERAL_NULL_CONVERSION = YES;
				CLANG_WARN_OBJC_IMPLICIT_RETAIN_SELF = YES;
				CLANG_WARN_OBJC_LITERAL_CONVERSION = YES;
				CLANG_WARN_OBJC_ROOT_CLASS = YES_ERROR;
				CLANG_WARN_QUOTED_INCLUDE_IN_FRAMEWORK_HEADER = YES;
				CLANG_WARN_RANGE_LOOP_ANALYSIS = YES;
				CLANG_WARN_STRICT_PROTOTYPES = YES;
				CLANG_WARN_SUSPICIOUS_MOVE = YES;
				CLANG_WARN_UNREACHABLE_CODE = YES;
				CLANG_WARN__DUPLICATE_METHOD_MATCH = YES;
				"CODE_SIGN_IDENTITY[sdk=iphoneos*]" = "iPhone Developer";
				COPY_PHASE_STRIP = NO;
				ENABLE_STRICT_OBJC_MSGSEND = YES;
				ENABLE_TESTABILITY = YES;
				"EXCLUDED_ARCHS[sdk=iphonesimulator*]" = "";
				GCC_C_LANGUAGE_STANDARD = gnu99;
				GCC_DYNAMIC_NO_PIC = NO;
				GCC_NO_COMMON_BLOCKS = YES;
				GCC_OPTIMIZATION_LEVEL = 0;
				GCC_PREPROCESSOR_DEFINITIONS = (
					"DEBUG=1",
					"$(inherited)",
				);
				GCC_SYMBOLS_PRIVATE_EXTERN = NO;
				GCC_WARN_64_TO_32_BIT_CONVERSION = YES;
				GCC_WARN_ABOUT_RETURN_TYPE = YES_ERROR;
				GCC_WARN_UNDECLARED_SELECTOR = YES;
				GCC_WARN_UNINITIALIZED_AUTOS = YES_AGGRESSIVE;
				GCC_WARN_UNUSED_FUNCTION = YES;
				GCC_WARN_UNUSED_VARIABLE = YES;
				IPHONEOS_DEPLOYMENT_TARGET = 15.1;
				LD_RUNPATH_SEARCH_PATHS = (
					/usr/lib/swift,
					"$(inherited)",
				);
				LIBRARY_SEARCH_PATHS = (
					"\"$(SDKROOT)/usr/lib/swift\"",
					"\"$(TOOLCHAIN_DIR)/usr/lib/swift/$(PLATFORM_NAME)\"",
					"\"$(inherited)\"",
				);
				MTL_ENABLE_DEBUG_INFO = YES;
				ONLY_ACTIVE_ARCH = YES;
				OTHER_CPLUSPLUSFLAGS = (
					"$(OTHER_CFLAGS)",
					"-DFOLLY_NO_CONFIG",
					"-DFOLLY_MOBILE=1",
					"-DFOLLY_USE_LIBCPP=1",
					"-DFOLLY_CFG_NO_COROUTINES=1",
					"-DFOLLY_HAVE_CLOCK_GETTIME=1",
				);
				OTHER_LDFLAGS = (
					"$(inherited)",
					" ",
				);
				REACT_NATIVE_PATH = "${PODS_ROOT}/../../node_modules/react-native";
				SDKROOT = iphoneos;
				SWIFT_ACTIVE_COMPILATION_CONDITIONS = "$(inherited) DEBUG";
				USE_HERMES = true;
			};
			name = Debug;
		};
		83CBBA211A601CBA00E9B192 /* Release */ = {
			isa = XCBuildConfiguration;
			buildSettings = {
				ALWAYS_SEARCH_USER_PATHS = NO;
				CLANG_ANALYZER_LOCALIZABILITY_NONLOCALIZED = YES;
				CLANG_CXX_LANGUAGE_STANDARD = "c++20";
				CLANG_CXX_LIBRARY = "libc++";
				CLANG_ENABLE_MODULES = YES;
				CLANG_ENABLE_OBJC_ARC = YES;
				CLANG_WARN_BLOCK_CAPTURE_AUTORELEASING = YES;
				CLANG_WARN_BOOL_CONVERSION = YES;
				CLANG_WARN_COMMA = YES;
				CLANG_WARN_CONSTANT_CONVERSION = YES;
				CLANG_WARN_DEPRECATED_OBJC_IMPLEMENTATIONS = YES;
				CLANG_WARN_DIRECT_OBJC_ISA_USAGE = YES_ERROR;
				CLANG_WARN_EMPTY_BODY = YES;
				CLANG_WARN_ENUM_CONVERSION = YES;
				CLANG_WARN_INFINITE_RECURSION = YES;
				CLANG_WARN_INT_CONVERSION = YES;
				CLANG_WARN_NON_LITERAL_NULL_CONVERSION = YES;
				CLANG_WARN_OBJC_IMPLICIT_RETAIN_SELF = YES;
				CLANG_WARN_OBJC_LITERAL_CONVERSION = YES;
				CLANG_WARN_OBJC_ROOT_CLASS = YES_ERROR;
				CLANG_WARN_QUOTED_INCLUDE_IN_FRAMEWORK_HEADER = YES;
				CLANG_WARN_RANGE_LOOP_ANALYSIS = YES;
				CLANG_WARN_STRICT_PROTOTYPES = YES;
				CLANG_WARN_SUSPICIOUS_MOVE = YES;
				CLANG_WARN_UNREACHABLE_CODE = YES;
				CLANG_WARN__DUPLICATE_METHOD_MATCH = YES;
				"CODE_SIGN_IDENTITY[sdk=iphoneos*]" = "iPhone Developer";
				COPY_PHASE_STRIP = YES;
				ENABLE_NS_ASSERTIONS = NO;
				ENABLE_STRICT_OBJC_MSGSEND = YES;
				"EXCLUDED_ARCHS[sdk=iphonesimulator*]" = "";
				GCC_C_LANGUAGE_STANDARD = gnu99;
				GCC_NO_COMMON_BLOCKS = YES;
				GCC_WARN_64_TO_32_BIT_CONVERSION = YES;
				GCC_WARN_ABOUT_RETURN_TYPE = YES_ERROR;
				GCC_WARN_UNDECLARED_SELECTOR = YES;
				GCC_WARN_UNINITIALIZED_AUTOS = YES_AGGRESSIVE;
				GCC_WARN_UNUSED_FUNCTION = YES;
				GCC_WARN_UNUSED_VARIABLE = YES;
				IPHONEOS_DEPLOYMENT_TARGET = 15.1;
				LD_RUNPATH_SEARCH_PATHS = (
					/usr/lib/swift,
					"$(inherited)",
				);
				LIBRARY_SEARCH_PATHS = (
					"\"$(SDKROOT)/usr/lib/swift\"",
					"\"$(TOOLCHAIN_DIR)/usr/lib/swift/$(PLATFORM_NAME)\"",
					"\"$(inherited)\"",
				);
				MTL_ENABLE_DEBUG_INFO = NO;
				OTHER_CPLUSPLUSFLAGS = (
					"$(OTHER_CFLAGS)",
					"-DFOLLY_NO_CONFIG",
					"-DFOLLY_MOBILE=1",
					"-DFOLLY_USE_LIBCPP=1",
					"-DFOLLY_CFG_NO_COROUTINES=1",
					"-DFOLLY_HAVE_CLOCK_GETTIME=1",
				);
				OTHER_LDFLAGS = (
					"$(inherited)",
					" ",
				);
				REACT_NATIVE_PATH = "${PODS_ROOT}/../../node_modules/react-native";
				SDKROOT = iphoneos;
				USE_HERMES = true;
				VALIDATE_PRODUCT = YES;
			};
			name = Release;
		};
/* End XCBuildConfiguration section */

/* Begin XCConfigurationList section */
		13B07F931A680F5B00A75B9A /* Build configuration list for PBXNativeTarget "RainbowStreakQuest" */ = {
			isa = XCConfigurationList;
			buildConfigurations = (
				13B07F941A680F5B00A75B9A /* Debug */,
				13B07F951A680F5B00A75B9A /* Release */,
			);
			defaultConfigurationIsVisible = 0;
			defaultConfigurationName = Release;
		};
		83CBB9FA1A601CBA00E9B192 /* Build configuration list for PBXProject "RainbowStreakQuest" */ = {
			isa = XCConfigurationList;
			buildConfigurations = (
				83CBBA201A601CBA00E9B192 /* Debug */,
				83CBBA211A601CBA00E9B192 /* Release */,
			);
			defaultConfigurationIsVisible = 0;
			defaultConfigurationName = Release;
		};
/* End XCConfigurationList section */
	};
	rootObject = 83CBB9F71A601CBA00E9B192 /* Project object */;
}
